{
  "lockfileVersion": 3,
  "name": "tree-sitter-terlan",
  "packages": {
    "": {
      "devDependencies": {
        "tree-sitter-cli": "^0.22.6"
      },
      "license": "MIT OR Apache-2.0",
      "name": "tree-sitter-terlan",
      "version": "0.0.9"
    },
    "node_modules/tree-sitter-cli": {
      "bin": {
        "tree-sitter": "cli.js"
      },
      "dev": true,
      "hasInstallScript": true,
      "integrity": "sha512-s7mYOJXi8sIFkt/nLJSqlYZP96VmKTc3BAwIX0rrrlRxWjWuCwixFqwzxWZBQz4R8Hx01iP7z3cT3ih58BUmZQ==",
      "resolved": "https://registry.npmjs.org/tree-sitter-cli/-/tree-sitter-cli-0.22.6.tgz",
      "version": "0.22.6"
    }
  },
  "requires": true,
  "version": "0.0.9"
}
